// !$*UTF8*$!
{
	archiveVersion = 1;
	classes = {
	};
	objectVersion = 50;
	objects = {

/* Begin PBXBuildFile section */
		3C56F63420FB26B20019023B /* MapKit.framework in Frameworks */ = {isa = PBXBuildFile; fileRef = 3C56F63320FB26B20019023B /* MapKit.framework */; };
		A6A5FC8720F236140008EDD8 /* AppDelegate.swift in Sources */ = {isa = PBXBuildFile; fileRef = A6A5FC8620F236140008EDD8 /* AppDelegate.swift */; };
		A6A5FC8920F236140008EDD8 /* ViewController.swift in Sources */ = {isa = PBXBuildFile; fileRef = A6A5FC8820F236140008EDD8 /* ViewController.swift */; };
		A6A5FC8C20F236140008EDD8 /* Main.storyboard in Resources */ = {isa = PBXBuildFile; fileRef = A6A5FC8A20F236140008EDD8 /* Main.storyboard */; };
		A6A5FC8E20F236170008EDD8 /* Assets.xcassets in Resources */ = {isa = PBXBuildFile; fileRef = A6A5FC8D20F236170008EDD8 /* Assets.xcassets */; };
		A6A5FC9120F236170008EDD8 /* LaunchScreen.storyboard in Resources */ = {isa = PBXBuildFile; fileRef = A6A5FC8F20F236170008EDD8 /* LaunchScreen.storyboard */; };
/* End PBXBuildFile section */

/* Begin PBXFileReference section */
		3C56F63320FB26B20019023B /* MapKit.framework */ = {isa = PBXFileReference; lastKnownFileType = wrapper.framework; name = MapKit.framework; path = System/Library/Frameworks/MapKit.framework; sourceTree = SDKROOT; };
		A6A5FC8320F236140008EDD8 /* BargainDrivingLive.app */ = {isa = PBXFileReference; explicitFileType = wrapper.application; includeInIndex = 0; path = BargainDrivingLive.app; sourceTree = BUILT_PRODUCTS_DIR; };
		A6A5FC8620F236140008EDD8 /* AppDelegate.swift */ = {isa = PBXFileReference; lastKnownFileType = sourcecode.swift; path = AppDelegate.swift; sourceTree = "<group>"; };
		A6A5FC8820F236140008EDD8 /* ViewController.swift */ = {isa = PBXFileReference; lastKnownFileType = sourcecode.swift; path = ViewController.swift; sourceTree = "<group>"; };
		A6A5FC8B20F236140008EDD8 /* Base */ = {isa = PBXFileReference; lastKnownFileType = file.storyboard; name = Base; path = Base.lproj/Main.storyboard; sourceTree = "<group>"; };
		A6A5FC8D20F236170008EDD8 /* Assets.xcassets */ = {isa = PBXFileReference; lastKnownFileType = folder.assetcatalog; path = Assets.xcassets; sourceTree = "<group>"; };
		A6A5FC9020F236170008EDD8 /* Base */ = {isa = PBXFileReference; lastKnownFileType = file.storyboard; name = Base; path = Base.lproj/LaunchScreen.storyboard; sourceTree = "<group>"; };
		A6A5FC9220F236170008EDD8 /* Info.plist */ = {isa = PBXFileReference; lastKnownFileType = text.plist.xml; path = Info.plist; sourceTree = "<group>"; };
/* End PBXFileReference section */

/* Begin PBXFrameworksBuildPhase section */
		A6A5FC8020F236140008EDD8 /* Frameworks */ = {
			isa = PBXFrameworksBuildPhase;
			buildActionMask = 2147483647;
			files = (
				3C56F63420FB26B20019023B /* MapKit.framework in Frameworks */,
			);
			runOnlyForDeploymentPostprocessing = 0;
		};
/* End PBXFrameworksBuildPhase section */

/* Begin PBXGroup section */
		3C56F63220FB26B20019023B /* Frameworks */ = {
			isa = PBXGroup;
			children = (
				3C56F63320FB26B20019023B /* MapKit.framework */,
			);
			name = Frameworks;
			sourceTree = "<group>";
		};
		A6A5FC7A20F236140008EDD8 = {
			isa = PBXGroup;
			children = (
				A6A5FC8520F236140008EDD8 /* BargainDrivingLive */,
				A6A5FC8420F236140008EDD8 /* Products */,
				3C56F63220FB26B20019023B /* Frameworks */,
			);
			sourceTree = "<group>";
		};
		A6A5FC8420F236140008EDD8 /* Products */ = {
			isa = PBXGroup;
			children = (
				A6A5FC8320F236140008EDD8 /* BargainDrivingLive.app */,
			);
			name = Products;
			sourceTree = "<group>";
		};
		A6A5FC8520F236140008EDD8 /* BargainDrivingLive */ = {
			isa = PBXGroup;
			children = (
				A6A5FC8620F236140008EDD8 /* AppDelegate.swift */,
				A6A5FC8820F236140008EDD8 /* ViewController.swift */,
				A6A5FC8A20F236140008EDD8 /* Main.storyboard */,
				A6A5FC8D20F236170008EDD8 /* Assets.xcassets */,
				A6A5FC8F20F236170008EDD8 /* LaunchScreen.storyboard */,
				A6A5FC9220F236170008EDD8 /* Info.plist */,
			);
			path = BargainDrivingLive;
			sourceTree = "<group>";
		};
/* End PBXGroup section */

/* Begin PBXNativeTarget section */
		A6A5FC8220F236140008EDD8 /* BargainDrivingLive */ = {
			isa = PBXNativeTarget;
			buildConfigurationList = A6A5FC9520F236170008EDD8 /* Build configuration list for PBXNativeTarget "BargainDrivingLive" */;
			buildPhases = (
				A6A5FC7F20F236140008EDD8 /* Sources */,
				A6A5FC8020F236140008EDD8 /* Frameworks */,
				A6A5FC8120F236140008EDD8 /* Resources */,
			);
			buildRules = (
			);
			dependencies = (
			);
			name = BargainDrivingLive;
			productName = BargainDrivingLive;
			productReference = A6A5FC8320F236140008EDD8 /* BargainDrivingLive.app */;
			productType = "com.apple.product-type.application";
		};
/* End PBXNativeTarget section */

/* Begin PBXProject section */
		A6A5FC7B20F236140008EDD8 /* Project object */ = {
			isa = PBXProject;
			attributes = {
				LastSwiftUpdateCheck = 0930;
				LastUpgradeCheck = 0930;
				ORGANIZATIONNAME = "２月Ｂ";
				TargetAttributes = {
					A6A5FC8220F236140008EDD8 = {
						CreatedOnToolsVersion = 9.3.1;
					};
				};
			};
			buildConfigurationList = A6A5FC7E20F236140008EDD8 /* Build configuration list for PBXProject "BargainDrivingLive" */;
			compatibilityVersion = "Xcode 9.3";
			developmentRegion = en;
			hasScannedForEncodings = 0;
			knownRegions = (
				en,
				Base,
			);
			mainGroup = A6A5FC7A20F236140008EDD8;
			productRefGroup = A6A5FC8420F236140008EDD8 /* Products */;
			projectDirPath = "";
			projectRoot = "";
			targets = (
				A6A5FC8220F236140008EDD8 /* BargainDrivingLive */,
			);
		};
/* End PBXProject section */

/* Begin PBXResourcesBuildPhase section */
		A6A5FC8120F236140008EDD8 /* Resources */ = {
			isa = PBXResourcesBuildPhase;
			buildActionMask = 2147483647;
			files = (
				A6A5FC9120F236170008EDD8 /* LaunchScreen.storyboard in Resources */,
				A6A5FC8E20F236170008EDD8 /* Assets.xcassets in Resources */,
				A6A5FC8C20F236140008EDD8 /* Main.storyboard in Resources */,
			);
			runOnlyForDeploymentPostprocessing = 0;
		};
/* End PBXResourcesBuildPhase section */

/* Begin PBXSourcesBuildPhase section */
		A6A5FC7F20F236140008EDD8 /* Sources */ = {
			isa = PBXSourcesBuildPhase;
			buildActionMask = 2147483647;
			files = (
				A6A5FC8920F236140008EDD8 /* ViewController.swift in Sources */,
				A6A5FC8720F236140008EDD8 /* AppDelegate.swift in Sources */,
			);
			runOnlyForDeploymentPostprocessing = 0;
		};
/* End PBXSourcesBuildPhase section */

/* Begin PBXVariantGroup section */
		A6A5FC8A20F236140008EDD8 /* Main.storyboard */ = {
			isa = PBXVariantGroup;
			children = (
				A6A5FC8B20F236140008EDD8 /* Base */,
			);
			name = Main.storyboard;
			sourceTree = "<group>";
		};
		A6A5FC8F20F236170008EDD8 /* LaunchScreen.storyboard */ = {
			isa = PBXVariantGroup;
			children = (
				A6A5FC9020F236170008EDD8 /* Base */,
			);
			name = LaunchScreen.storyboard;
			sourceTree = "<group>";
		};
/* End PBXVariantGroup section */

/* Begin XCBuildConfiguration section */
		A6A5FC9320F236170008EDD8 /* Debug */ = {
			isa = XCBuildConfiguration;
			buildSettings = {
				ALWAYS_SEARCH_USER_PATHS = NO;
				CLANG_ANALYZER_NONNULL = YES;
				CLANG_ANALYZER_NUMBER_OBJECT_CONVERSION = YES_AGGRESSIVE;
				CLANG_CXX_LANGUAGE_STANDARD = "gnu++14";
				CLANG_CXX_LIBRARY = "libc++";
				CLANG_ENABLE_MODULES = YES;
				CLANG_ENABLE_OBJC_ARC = YES;
				CLANG_ENABLE_OBJC_WEAK = YES;
				CLANG_WARN_BLOCK_CAPTURE_AUTORELEASING = YES;
				CLANG_WARN_BOOL_CONVERSION = YES;
				CLANG_WARN_COMMA = YES;
				CLANG_WARN_CONSTANT_CONVERSION = YES;
				CLANG_WARN_DEPRECATED_OBJC_IMPLEMENTATIONS = YES;
				CLANG_WARN_DIRECT_OBJC_ISA_USAGE = YES_ERROR;
				CLANG_WARN_DOCUMENTATION_COMMENTS = YES;
				CLANG_WARN_EMPTY_BODY = YES;
				CLANG_WARN_ENUM_CONVERSION = YES;
				CLANG_WARN_INFINITE_RECURSION = YES;
				CLANG_WARN_INT_CONVERSION = YES;
				CLANG_WARN_NON_LITERAL_NULL_CONVERSION = YES;
				CLANG_WARN_OBJC_IMPLICIT_RETAIN_SELF = YES;
				CLANG_WARN_OBJC_LITERAL_CONVERSION = YES;
				CLANG_WARN_OBJC_ROOT_CLASS = YES_ERROR;
				CLANG_WARN_RANGE_LOOP_ANALYSIS = YES;
				CLANG_WARN_STRICT_PROTOTYPES = YES;
				CLANG_WARN_SUSPICIOUS_MOVE = YES;
				CLANG_WARN_UNGUARDED_AVAILABILITY = YES_AGGRESSIVE;
				CLANG_WARN_UNREACHABLE_CODE = YES;
				CLANG_WARN__DUPLICATE_METHOD_MATCH = YES;
				CODE_SIGN_IDENTITY = "iPhone Developer";
				COPY_PHASE_STRIP = NO;
				DEBUG_INFORMATION_FORMAT = dwarf;
				ENABLE_STRICT_OBJC_MSGSEND = YES;
				ENABLE_TESTABILITY = YES;
				GCC_C_LANGUAGE_STANDARD = gnu11;
				GCC_DYNAMIC_NO_PIC = NO;
				GCC_NO_COMMON_BLOCKS = YES;
				GCC_OPTIMIZATION_LEVEL = 0;
				GCC_PREPROCESSOR_DEFINITIONS = (
					"DEBUG=1",
					"$(inherited)",
				);
				GCC_WARN_64_TO_32_BIT_CONVERSION = YES;
				GCC_WARN_ABOUT_RETURN_TYPE = YES_ERROR;
				GCC_WARN_UNDECLARED_SELECTOR = YES;
				GCC_WARN_UNINITIALIZED_AUTOS = YES_AGGRESSIVE;
				GCC_WARN_UNUSED_FUNCTION = YES;
				GCC_WARN_UNUSED_VARIABLE = YES;
				IPHONEOS_DEPLOYMENT_TARGET = 11.3;
				MTL_ENABLE_DEBUG_INFO = YES;
				ONLY_ACTIVE_ARCH = YES;
				SDKROOT = iphoneos;
				SWIFT_ACTIVE_COMPILATION_CONDITIONS = DEBUG;
				SWIFT_OPTIMIZATION_LEVEL = "-Onone";
			};
			name = Debug;
		};
		A6A5FC9420F236170008EDD8 /* Release */ = {
			isa = XCBuildConfiguration;
			buildSettings = {
				ALWAYS_SEARCH_USER_PATHS = NO;
				CLANG_ANALYZER_NONNULL = YES;
				CLANG_ANALYZER_NUMBER_OBJECT_CONVERSION = YES_AGGRESSIVE;
				CLANG_CXX_LANGUAGE_STANDARD = "gnu++14";
				CLANG_CXX_LIBRARY = "libc++";
				CLANG_ENABLE_MODULES = YES;
				CLANG_ENABLE_OBJC_ARC = YES;
				CLANG_ENABLE_OBJC_WEAK = YES;
				CLANG_WARN_BLOCK_CAPTURE_AUTORELEASING = YES;
				CLANG_WARN_BOOL_CONVERSION = YES;
				CLANG_WARN_COMMA = YES;
				CLANG_WARN_CONSTANT_CONVERSION = YES;
				CLANG_WARN_DEPRECATED_OBJC_IMPLEMENTATIONS = YES;
				CLANG_WARN_DIRECT_OBJC_ISA_USAGE = YES_ERROR;
				CLANG_WARN_DOCUMENTATION_COMMENTS = YES;
				CLANG_WARN_EMPTY_BODY = YES;
				CLANG_WARN_ENUM_CONVERSION = YES;
				CLANG_WARN_INFINITE_RECURSION = YES;
				CLANG_WARN_INT_CONVERSION = YES;
				CLANG_WARN_NON_LITERAL_NULL_CONVERSION = YES;
				CLANG_WARN_OBJC_IMPLICIT_RETAIN_SELF = YES;
				CLANG_WARN_OBJC_LITERAL_CONVERSION = YES;
				CLANG_WARN_OBJC_ROOT_CLASS = YES_ERROR;
				CLANG_WARN_RANGE_LOOP_ANALYSIS = YES;
				CLANG_WARN_STRICT_PROTOTYPES = YES;
				CLANG_WARN_SUSPICIOUS_MOVE = YES;
				CLANG_WARN_UNGUARDED_AVAILABILITY = YES_AGGRESSIVE;
				CLANG_WARN_UNREACHABLE_CODE = YES;
				CLANG_WARN__DUPLICATE_METHOD_MATCH = YES;
				CODE_SIGN_IDENTITY = "iPhone Developer";
				COPY_PHASE_STRIP = NO;
				DEBUG_INFORMATION_FORMAT = "dwarf-with-dsym";
				ENABLE_NS_ASSERTIONS = NO;
				ENABLE_STRICT_OBJC_MSGSEND = YES;
				GCC_C_LANGUAGE_STANDARD = gnu11;
				GCC_NO_COMMON_BLOCKS = YES;
				GCC_WARN_64_TO_32_BIT_CONVERSION = YES;
				GCC_WARN_ABOUT_RETURN_TYPE = YES_ERROR;
				GCC_WARN_UNDECLARED_SELECTOR = YES;
				GCC_WARN_UNINITIALIZED_AUTOS = YES_AGGRESSIVE;
				GCC_WARN_UNUSED_FUNCTION = YES;
				GCC_WARN_UNUSED_VARIABLE = YES;
				IPHONEOS_DEPLOYMENT_TARGET = 11.3;
				MTL_ENABLE_DEBUG_INFO = NO;
				SDKROOT = iphoneos;
				SWIFT_COMPILATION_MODE = wholemodule;
				SWIFT_OPTIMIZATION_LEVEL = "-O";
				VALIDATE_PRODUCT = YES;
			};
			name = Release;
		};
		A6A5FC9620F236170008EDD8 /* Debug */ = {
			isa = XCBuildConfiguration;
			buildSettings = {
				ASSETCATALOG_COMPILER_APPICON_NAME = AppIcon;
				CODE_SIGN_STYLE = Automatic;
				DEVELOPMENT_TEAM = 627K3AJCAL;
				INFOPLIST_FILE = BargainDrivingLive/Info.plist;
				LD_RUNPATH_SEARCH_PATHS = (
					"$(inherited)",
					"@executable_path/Frameworks",
				);
				PRODUCT_BUNDLE_IDENTIFIER = com.2gazb.BargainDrivingLive;
				PRODUCT_NAME = "$(TARGET_NAME)";
				SWIFT_VERSION = 4.0;
				TARGETED_DEVICE_FAMILY = "1,2";
			};
			name = Debug;
		};
		A6A5FC9720F236170008EDD8 /* Release */ = {
			isa = XCBuildConfiguration;
			buildSettings = {
				ASSETCATALOG_COMPILER_APPICON_NAME = AppIcon;
				CODE_SIGN_STYLE = Automatic;
				DEVELOPMENT_TEAM = 627K3AJCAL;
				INFOPLIST_FILE = BargainDrivingLive/Info.plist;
				LD_RUNPATH_SEARCH_PATHS = (
					"$(inherited)",
					"@executable_path/Frameworks",
				);
				PRODUCT_BUNDLE_IDENTIFIER = com.2gazb.BargainDrivingLive;
				PRODUCT_NAME = "$(TARGET_NAME)";
				SWIFT_VERSION = 4.0;
				TARGETED_DEVICE_FAMILY = "1,2";
			};
			name = Release;
		};
/* End XCBuildConfiguration section */

/* Begin XCConfigurationList section */
		A6A5FC7E20F236140008EDD8 /* Build configuration list for PBXProject "BargainDrivingLive" */ = {
			isa = XCConfigurationList;
			buildConfigurations = (
				A6A5FC9320F236170008EDD8 /* Debug */,
				A6A5FC9420F236170008EDD8 /* Release */,
			);
			defaultConfigurationIsVisible = 0;
			defaultConfigurationName = Release;
		};
		A6A5FC9520F236170008EDD8 /* Build configuration list for PBXNativeTarget "BargainDrivingLive" */ = {
			isa = XCConfigurationList;
			buildConfigurations = (
				A6A5FC9620F236170008EDD8 /* Debug */,
				A6A5FC9720F236170008EDD8 /* Release */,
			);
			defaultConfigurationIsVisible = 0;
			defaultConfigurationName = Release;
		};
/* End XCConfigurationList section */
	};
	rootObject = A6A5FC7B20F236140008EDD8 /* Project object */;
}
